
Microsoft Visual Studio Solution File, Format Version 12.00
# Visual Studio Version 16
VisualStudioVersion = 16.0.29324.140
MinimumVisualStudioVersion = 10.0.40219.1
Project("{FAE04EC0-301F-11D3-BF4B-00C04F79EFBC}") = "SeleniumTesting", "SeleniumTesting\SeleniumTesting.csproj", "{7BBEBC9F-5626-411A-A981-860AE5A354DD}"
EndProject
Global
	GlobalSection(SolutionConfigurationPlatforms) = preSolution
		Debug|Any CPU = Debug|Any CPU
		Release|Any CPU = Release|Any CPU
	EndGlobalSection
	GlobalSection(ProjectConfigurationPlatforms) = postSolution
		{7BBEBC9F-5626-411A-A981-860AE5A354DD}.Debug|Any CPU.ActiveCfg = Debug|Any CPU
		{7BBEBC9F-5626-411A-A981-860AE5A354DD}.Debug|Any CPU.Build.0 = Debug|Any CPU
		{7BBEBC9F-5626-411A-A981-860AE5A354DD}.Release|Any CPU.ActiveCfg = Release|Any CPU
		{7BBEBC9F-5626-411A-A981-860AE5A354DD}.Release|Any CPU.Build.0 = Release|Any CPU
	EndGlobalSection
	GlobalSection(SolutionProperties) = preSolution
		HideSolutionNode = FALSE
	EndGlobalSection
	GlobalSection(ExtensibilityGlobals) = postSolution
		SolutionGuid = {03C19BE8-6DB7-4B40-8DE5-F58310DE44A8}
	EndGlobalSection
EndGlobal
